
Microsoft Visual Studio Solution File, Format Version 12.00
# Visual Studio Version 16
VisualStudioVersion = 16.0.30717.126
MinimumVisualStudioVersion = 10.0.40219.1
Project("{FAE04EC0-301F-11D3-BF4B-00C04F79EFBC}") = "Ejemplo", "Ejemplo\Ejemplo.csproj", "{BA92642D-6393-44B3-A30B-0CEA408B11D8}"
EndProject
Global
	GlobalSection(SolutionConfigurationPlatforms) = preSolution
		Debug|Any CPU = Debug|Any CPU
		Release|Any CPU = Release|Any CPU
	EndGlobalSection
	GlobalSection(ProjectConfigurationPlatforms) = postSolution
		{BA92642D-6393-44B3-A30B-0CEA408B11D8}.Debug|Any CPU.ActiveCfg = Debug|Any CPU
		{BA92642D-6393-44B3-A30B-0CEA408B11D8}.Debug|Any CPU.Build.0 = Debug|Any CPU
		{BA92642D-6393-44B3-A30B-0CEA408B11D8}.Release|Any CPU.ActiveCfg = Release|Any CPU
		{BA92642D-6393-44B3-A30B-0CEA408B11D8}.Release|Any CPU.Build.0 = Release|Any CPU
	EndGlobalSection
	GlobalSection(SolutionProperties) = preSolution
		HideSolutionNode = FALSE
	EndGlobalSection
	GlobalSection(ExtensibilityGlobals) = postSolution
		SolutionGuid = {4DF48B1C-2137-4A19-BF7C-615DEF96D65B}
	EndGlobalSection
EndGlobal
